
Microsoft Visual Studio Solution File, Format Version 12.00
# Visual Studio Version 16
VisualStudioVersion = 16.0.32510.428
MinimumVisualStudioVersion = 10.0.40219.1
Project("{FAE04EC0-301F-11D3-BF4B-00C04F79EFBC}") = "Calculator", "Calculator\Calculator.csproj", "{C36B9BCB-8141-4E80-A631-5551E625D38F}"
EndProject
Project("{FAE04EC0-301F-11D3-BF4B-00C04F79EFBC}") = "Calculator.Tests", "Calculator.Tests\Calculator.Tests.csproj", "{12805DE3-365C-4B13-9093-EBB900282C49}"
EndProject
Global
	GlobalSection(SolutionConfigurationPlatforms) = preSolution
		Debug|Any CPU = Debug|Any CPU
		Release|Any CPU = Release|Any CPU
	EndGlobalSection
	GlobalSection(ProjectConfigurationPlatforms) = postSolution
		{C36B9BCB-8141-4E80-A631-5551E625D38F}.Debug|Any CPU.ActiveCfg = Debug|Any CPU
		{C36B9BCB-8141-4E80-A631-5551E625D38F}.Debug|Any CPU.Build.0 = Debug|Any CPU
		{C36B9BCB-8141-4E80-A631-5551E625D38F}.Release|Any CPU.ActiveCfg = Release|Any CPU
		{C36B9BCB-8141-4E80-A631-5551E625D38F}.Release|Any CPU.Build.0 = Release|Any CPU
		{12805DE3-365C-4B13-9093-EBB900282C49}.Debug|Any CPU.ActiveCfg = Debug|Any CPU
		{12805DE3-365C-4B13-9093-EBB900282C49}.Debug|Any CPU.Build.0 = Debug|Any CPU
		{12805DE3-365C-4B13-9093-EBB900282C49}.Release|Any CPU.ActiveCfg = Release|Any CPU
		{12805DE3-365C-4B13-9093-EBB900282C49}.Release|Any CPU.Build.0 = Release|Any CPU
	EndGlobalSection
	GlobalSection(SolutionProperties) = preSolution
		HideSolutionNode = FALSE
	EndGlobalSection
	GlobalSection(ExtensibilityGlobals) = postSolution
		SolutionGuid = {0895FA0D-6CD0-46FE-A7A0-A49EB8D00DE6}
	EndGlobalSection
EndGlobal
